
Microsoft Visual Studio Solution File, Format Version 12.00
# Visual Studio Version 17
VisualStudioVersion = 17.5.002.0
MinimumVisualStudioVersion = 10.0.40219.1
Project("{2150E333-8FDC-42A3-9474-1A3956D46DE8}") = "src", "src", "{D8381195-9DAE-44A2-A8A2-EB967FB05CFF}"
EndProject
Project("{9A19103F-16F7-4668-BE54-9A1E7A4F7556}") = "UmbracoSite", "src\UmbracoSite\UmbracoSite.csproj", "{37E43F25-AE28-4250-A94B-167B3B98C758}"
EndProject
Project("{FAE04EC0-301F-11D3-BF4B-00C04F79EFBC}") = "MassTransit.Messages", "src\MassTransit.Messages\MassTransit.Messages.csproj", "{768DF4AF-4D3D-4F36-B583-C263B146009C}"
EndProject
Project("{FAE04EC0-301F-11D3-BF4B-00C04F79EFBC}") = "Jobs.InitiateVideoProcessing", "src\Jobs.InitiateVideoProcessing\Jobs.InitiateVideoProcessing.csproj", "{B44B634D-EA37-429B-8B9F-D865E9AE653C}"
EndProject
Project("{FAE04EC0-301F-11D3-BF4B-00C04F79EFBC}") = "Jobs.SliceVideo", "src\Jobs.SliceVideo\Jobs.SliceVideo.csproj", "{7B0D8C88-FB9D-49E0-8741-4DE96AA43933}"
EndProject
Project("{FAE04EC0-301F-11D3-BF4B-00C04F79EFBC}") = "Commons", "src\Commons\Commons.csproj", "{A2595334-E975-41C5-AAF5-42EDB20F5639}"
EndProject
Project("{FAE04EC0-301F-11D3-BF4B-00C04F79EFBC}") = "Jobs.SelectResolution", "src\Jobs.SelectResolution\Jobs.SelectResolution.csproj", "{47AEE62A-D862-402D-8D48-895DE17F7B5A}"
EndProject
Project("{FAE04EC0-301F-11D3-BF4B-00C04F79EFBC}") = "Jobs.ConvertVideo", "src\Jobs.ConvertVideo\Jobs.ConvertVideo.csproj", "{662B4ADB-1675-4C65-A2E5-4DB59896812B}"
EndProject
Project("{FAE04EC0-301F-11D3-BF4B-00C04F79EFBC}") = "Jobs.MonitorProcessing", "src\Jobs.MonitorProcessing\Jobs.MonitorProcessing.csproj", "{18949D0F-35F8-4E38-A48D-BEC162765BC8}"
EndProject
Global
	GlobalSection(SolutionConfigurationPlatforms) = preSolution
		Debug|Any CPU = Debug|Any CPU
		Release|Any CPU = Release|Any CPU
	EndGlobalSection
	GlobalSection(ProjectConfigurationPlatforms) = postSolution
		{37E43F25-AE28-4250-A94B-167B3B98C758}.Debug|Any CPU.ActiveCfg = Debug|Any CPU
		{37E43F25-AE28-4250-A94B-167B3B98C758}.Debug|Any CPU.Build.0 = Debug|Any CPU
		{37E43F25-AE28-4250-A94B-167B3B98C758}.Release|Any CPU.ActiveCfg = Release|Any CPU
		{37E43F25-AE28-4250-A94B-167B3B98C758}.Release|Any CPU.Build.0 = Release|Any CPU
		{768DF4AF-4D3D-4F36-B583-C263B146009C}.Debug|Any CPU.ActiveCfg = Debug|Any CPU
		{768DF4AF-4D3D-4F36-B583-C263B146009C}.Debug|Any CPU.Build.0 = Debug|Any CPU
		{768DF4AF-4D3D-4F36-B583-C263B146009C}.Release|Any CPU.ActiveCfg = Release|Any CPU
		{768DF4AF-4D3D-4F36-B583-C263B146009C}.Release|Any CPU.Build.0 = Release|Any CPU
		{B44B634D-EA37-429B-8B9F-D865E9AE653C}.Debug|Any CPU.ActiveCfg = Debug|Any CPU
		{B44B634D-EA37-429B-8B9F-D865E9AE653C}.Debug|Any CPU.Build.0 = Debug|Any CPU
		{B44B634D-EA37-429B-8B9F-D865E9AE653C}.Release|Any CPU.ActiveCfg = Release|Any CPU
		{B44B634D-EA37-429B-8B9F-D865E9AE653C}.Release|Any CPU.Build.0 = Release|Any CPU
		{7B0D8C88-FB9D-49E0-8741-4DE96AA43933}.Debug|Any CPU.ActiveCfg = Debug|Any CPU
		{7B0D8C88-FB9D-49E0-8741-4DE96AA43933}.Debug|Any CPU.Build.0 = Debug|Any CPU
		{7B0D8C88-FB9D-49E0-8741-4DE96AA43933}.Release|Any CPU.ActiveCfg = Release|Any CPU
		{7B0D8C88-FB9D-49E0-8741-4DE96AA43933}.Release|Any CPU.Build.0 = Release|Any CPU
		{A2595334-E975-41C5-AAF5-42EDB20F5639}.Debug|Any CPU.ActiveCfg = Debug|Any CPU
		{A2595334-E975-41C5-AAF5-42EDB20F5639}.Debug|Any CPU.Build.0 = Debug|Any CPU
		{A2595334-E975-41C5-AAF5-42EDB20F5639}.Release|Any CPU.ActiveCfg = Release|Any CPU
		{A2595334-E975-41C5-AAF5-42EDB20F5639}.Release|Any CPU.Build.0 = Release|Any CPU
		{47AEE62A-D862-402D-8D48-895DE17F7B5A}.Debug|Any CPU.ActiveCfg = Debug|Any CPU
		{47AEE62A-D862-402D-8D48-895DE17F7B5A}.Debug|Any CPU.Build.0 = Debug|Any CPU
		{47AEE62A-D862-402D-8D48-895DE17F7B5A}.Release|Any CPU.ActiveCfg = Release|Any CPU
		{47AEE62A-D862-402D-8D48-895DE17F7B5A}.Release|Any CPU.Build.0 = Release|Any CPU
		{662B4ADB-1675-4C65-A2E5-4DB59896812B}.Debug|Any CPU.ActiveCfg = Debug|Any CPU
		{662B4ADB-1675-4C65-A2E5-4DB59896812B}.Debug|Any CPU.Build.0 = Debug|Any CPU
		{662B4ADB-1675-4C65-A2E5-4DB59896812B}.Release|Any CPU.ActiveCfg = Release|Any CPU
		{662B4ADB-1675-4C65-A2E5-4DB59896812B}.Release|Any CPU.Build.0 = Release|Any CPU
		{18949D0F-35F8-4E38-A48D-BEC162765BC8}.Debug|Any CPU.ActiveCfg = Debug|Any CPU
		{18949D0F-35F8-4E38-A48D-BEC162765BC8}.Debug|Any CPU.Build.0 = Debug|Any CPU
		{18949D0F-35F8-4E38-A48D-BEC162765BC8}.Release|Any CPU.ActiveCfg = Release|Any CPU
		{18949D0F-35F8-4E38-A48D-BEC162765BC8}.Release|Any CPU.Build.0 = Release|Any CPU
	EndGlobalSection
	GlobalSection(SolutionProperties) = preSolution
		HideSolutionNode = FALSE
	EndGlobalSection
	GlobalSection(NestedProjects) = preSolution
		{37E43F25-AE28-4250-A94B-167B3B98C758} = {D8381195-9DAE-44A2-A8A2-EB967FB05CFF}
		{768DF4AF-4D3D-4F36-B583-C263B146009C} = {D8381195-9DAE-44A2-A8A2-EB967FB05CFF}
		{B44B634D-EA37-429B-8B9F-D865E9AE653C} = {D8381195-9DAE-44A2-A8A2-EB967FB05CFF}
		{7B0D8C88-FB9D-49E0-8741-4DE96AA43933} = {D8381195-9DAE-44A2-A8A2-EB967FB05CFF}
		{A2595334-E975-41C5-AAF5-42EDB20F5639} = {D8381195-9DAE-44A2-A8A2-EB967FB05CFF}
		{47AEE62A-D862-402D-8D48-895DE17F7B5A} = {D8381195-9DAE-44A2-A8A2-EB967FB05CFF}
		{662B4ADB-1675-4C65-A2E5-4DB59896812B} = {D8381195-9DAE-44A2-A8A2-EB967FB05CFF}
		{18949D0F-35F8-4E38-A48D-BEC162765BC8} = {D8381195-9DAE-44A2-A8A2-EB967FB05CFF}
	EndGlobalSection
	GlobalSection(ExtensibilityGlobals) = postSolution
		SolutionGuid = {7CE67B6D-8040-44F4-B36F-5712BCE926AA}
	EndGlobalSection
EndGlobal
